hash: 27b0888be4f20a3136d5d3649d2f008587c37123ffb57156502a028f8910c851
updated: 2017-11-17T03:10:12.299017235+01:00
imports:
- name: github.com/go-chi/chi
  version: c82a10ad80a5eab1d6b77ff5e96bdb774757d5a6
  subpackages:
  - middleware
- name: github.com/op/go-logging
  version: 970db520ece77730c7e4724c61121037378659d9
- name: gopkg.in/unrolled/render.v1
  version: 1442182abc1e7397c8c0c862829bd00e9b670a96
testImports: []
